# This file was autogenerated by Stack.
# You should not edit this file by hand.
# For more information, please see the documentation at:
#   https://docs.haskellstack.org/en/stable/lock_files

packages:
- completed:
    hackage: slick-1.2.1.0@sha256:d93072d73598db6158a537a6498c842af20bca700bc2093e8aca61e09173e105,1312
    pantry-tree:
      sha256: 4da4f6cab3fbb387cd07c30f2d49c530e1c65ad9899f8383883d53d8948a19c1
      size: 602
  original:
    hackage: slick-1.2.1.0
- completed:
    hackage: mustache-2.4.2@sha256:15ca37e1763bb648f185e94d84acf0e21bbeb1af085d20f0143688cb1c1f865f,3180
    pantry-tree:
      sha256: f279a68aeeb8f91906ddb000a48ae36e325acf25bd8efd92759f76a18f07e951
      size: 1182
  original:
    hackage: mustache-2.4.2
snapshots:
- completed:
    sha256: 6d1532d40621957a25bad5195bfca7938e8a06d923c91bc52aa0f3c41181f2d4
    size: 619204
    url: https://raw.githubusercontent.com/commercialhaskell/stackage-snapshots/master/lts/19/33.yaml
  original: lts-19.33
